
Microsoft Visual Studio Solution File, Format Version 12.00
Project("{FAE04EC0-301F-11D3-BF4B-00C04F79EFBC}") = "gta-afk", "gta-afk\gta-afk.csproj", "{F62061A2-239F-4B96-8A09-BD1C7049296C}"
EndProject
Global
	GlobalSection(SolutionConfigurationPlatforms) = preSolution
		Debug|Any CPU = Debug|Any CPU
		Release|Any CPU = Release|Any CPU
	EndGlobalSection
	GlobalSection(ProjectConfigurationPlatforms) = postSolution
		{F62061A2-239F-4B96-8A09-BD1C7049296C}.Debug|Any CPU.ActiveCfg = Debug|Any CPU
		{F62061A2-239F-4B96-8A09-BD1C7049296C}.Debug|Any CPU.Build.0 = Debug|Any CPU
		{F62061A2-239F-4B96-8A09-BD1C7049296C}.Release|Any CPU.ActiveCfg = Release|Any CPU
		{F62061A2-239F-4B96-8A09-BD1C7049296C}.Release|Any CPU.Build.0 = Release|Any CPU
	EndGlobalSection
EndGlobal
